// !$*UTF8*$!
{
	archiveVersion = 1;
	classes = {
	};
	objectVersion = 46;
	objects = {

/* Begin PBXBuildFile section */
		B99831232942ED7000EC73A8 /* BeinTextViewCustom.m in Sources */ = {isa = PBXBuildFile; fileRef = B99831222942ED7000EC73A8 /* BeinTextViewCustom.m */; };
		B99831262942EDD100EC73A8 /* BeinTextInputModuleManager.m in Sources */ = {isa = PBXBuildFile; fileRef = B99831252942EDD100EC73A8 /* BeinTextInputModuleManager.m */; };
		B99831292942EE1300EC73A8 /* BeinTextInputView.m in Sources */ = {isa = PBXBuildFile; fileRef = B99831282942EE1300EC73A8 /* BeinTextInputView.m */; };
		B998312C2942EE6000EC73A8 /* NSData+MimeType.m in Sources */ = {isa = PBXBuildFile; fileRef = B998312B2942EE6000EC73A8 /* NSData+MimeType.m */; };
		B998312E2942EE7D00EC73A8 /* SwimeProxy.swift in Sources */ = {isa = PBXBuildFile; fileRef = B998312D2942EE7D00EC73A8 /* SwimeProxy.swift */; };
		B99831312942EEBA00EC73A8 /* UIImage+vImageScaling.m in Sources */ = {isa = PBXBuildFile; fileRef = B99831302942EEBA00EC73A8 /* UIImage+vImageScaling.m */; };
		B99831342942EEF500EC73A8 /* UIPasteboard+GetImageInfo.m in Sources */ = {isa = PBXBuildFile; fileRef = B99831332942EEF500EC73A8 /* UIPasteboard+GetImageInfo.m */; };
/* End PBXBuildFile section */

/* Begin PBXCopyFilesBuildPhase section */
		58B511D91A9E6C8500147676 /* CopyFiles */ = {
			isa = PBXCopyFilesBuildPhase;
			buildActionMask = 2147483647;
			dstPath = "include/$(PRODUCT_NAME)";
			dstSubfolderSpec = 16;
			files = (
			);
			runOnlyForDeploymentPostprocessing = 0;
		};
/* End PBXCopyFilesBuildPhase section */

/* Begin PBXFileReference section */
		134814201AA4EA6300B7C361 /* libPasteImageInput.a */ = {isa = PBXFileReference; explicitFileType = archive.ar; includeInIndex = 0; path = libPasteImageInput.a; sourceTree = BUILT_PRODUCTS_DIR; };
		B3E7B5881CC2AC0600A0062D /* PasteImageInput.h */ = {isa = PBXFileReference; fileEncoding = 4; lastKnownFileType = sourcecode.c.h; path = PasteImageInput.h; sourceTree = "<group>"; };
		B3E7B5891CC2AC0600A0062D /* PasteImageInput.m */ = {isa = PBXFileReference; fileEncoding = 4; lastKnownFileType = sourcecode.c.objc; path = PasteImageInput.m; sourceTree = "<group>"; };
		B99831212942ED2800EC73A8 /* BeinTextViewCustom.h */ = {isa = PBXFileReference; lastKnownFileType = sourcecode.c.h; path = BeinTextViewCustom.h; sourceTree = "<group>"; };
		B99831222942ED7000EC73A8 /* BeinTextViewCustom.m */ = {isa = PBXFileReference; lastKnownFileType = sourcecode.c.objc; path = BeinTextViewCustom.m; sourceTree = "<group>"; };
		B99831242942ED9900EC73A8 /* BeinTextInputModuleManager.h */ = {isa = PBXFileReference; lastKnownFileType = sourcecode.c.h; path = BeinTextInputModuleManager.h; sourceTree = "<group>"; };
		B99831252942EDD100EC73A8 /* BeinTextInputModuleManager.m */ = {isa = PBXFileReference; lastKnownFileType = sourcecode.c.objc; path = BeinTextInputModuleManager.m; sourceTree = "<group>"; };
		B99831272942EDF100EC73A8 /* BeinTextInputView.h */ = {isa = PBXFileReference; lastKnownFileType = sourcecode.c.h; path = BeinTextInputView.h; sourceTree = "<group>"; };
		B99831282942EE1300EC73A8 /* BeinTextInputView.m */ = {isa = PBXFileReference; lastKnownFileType = sourcecode.c.objc; path = BeinTextInputView.m; sourceTree = "<group>"; };
		B998312A2942EE4100EC73A8 /* NSData+MimeType.h */ = {isa = PBXFileReference; lastKnownFileType = sourcecode.c.h; path = "NSData+MimeType.h"; sourceTree = "<group>"; };
		B998312B2942EE6000EC73A8 /* NSData+MimeType.m */ = {isa = PBXFileReference; lastKnownFileType = sourcecode.c.objc; path = "NSData+MimeType.m"; sourceTree = "<group>"; };
		B998312D2942EE7D00EC73A8 /* SwimeProxy.swift */ = {isa = PBXFileReference; lastKnownFileType = sourcecode.swift; path = SwimeProxy.swift; sourceTree = "<group>"; };
		B998312F2942EE9C00EC73A8 /* UIImage+vImageScaling.h */ = {isa = PBXFileReference; lastKnownFileType = sourcecode.c.h; path = "UIImage+vImageScaling.h"; sourceTree = "<group>"; };
		B99831302942EEBA00EC73A8 /* UIImage+vImageScaling.m */ = {isa = PBXFileReference; lastKnownFileType = sourcecode.c.objc; path = "UIImage+vImageScaling.m"; sourceTree = "<group>"; };
		B99831322942EED800EC73A8 /* UIPasteboard+GetImageInfo.h */ = {isa = PBXFileReference; lastKnownFileType = sourcecode.c.h; path = "UIPasteboard+GetImageInfo.h"; sourceTree = "<group>"; };
		B99831332942EEF500EC73A8 /* UIPasteboard+GetImageInfo.m */ = {isa = PBXFileReference; lastKnownFileType = sourcecode.c.objc; path = "UIPasteboard+GetImageInfo.m"; sourceTree = "<group>"; };
/* End PBXFileReference section */

/* Begin PBXFrameworksBuildPhase section */
		58B511D81A9E6C8500147676 /* Frameworks */ = {
			isa = PBXFrameworksBuildPhase;
			buildActionMask = 2147483647;
			files = (
			);
			runOnlyForDeploymentPostprocessing = 0;
		};
/* End PBXFrameworksBuildPhase section */

/* Begin PBXGroup section */
		134814211AA4EA7D00B7C361 /* Products */ = {
			isa = PBXGroup;
			children = (
				134814201AA4EA6300B7C361 /* libPasteImageInput.a */,
			);
			name = Products;
			sourceTree = "<group>";
		};
		58B511D21A9E6C8500147676 = {
			isa = PBXGroup;
			children = (
				B99831332942EEF500EC73A8 /* UIPasteboard+GetImageInfo.m */,
				B99831322942EED800EC73A8 /* UIPasteboard+GetImageInfo.h */,
				B99831302942EEBA00EC73A8 /* UIImage+vImageScaling.m */,
				B998312F2942EE9C00EC73A8 /* UIImage+vImageScaling.h */,
				B998312D2942EE7D00EC73A8 /* SwimeProxy.swift */,
				B998312B2942EE6000EC73A8 /* NSData+MimeType.m */,
				B998312A2942EE4100EC73A8 /* NSData+MimeType.h */,
				B99831282942EE1300EC73A8 /* BeinTextInputView.m */,
				B99831272942EDF100EC73A8 /* BeinTextInputView.h */,
				B99831252942EDD100EC73A8 /* BeinTextInputModuleManager.m */,
				B99831242942ED9900EC73A8 /* BeinTextInputModuleManager.h */,
				B99831222942ED7000EC73A8 /* BeinTextViewCustom.m */,
				B99831212942ED2800EC73A8 /* BeinTextViewCustom.h */,
				B3E7B5881CC2AC0600A0062D /* PasteImageInput.h */,
				B3E7B5891CC2AC0600A0062D /* PasteImageInput.m */,
				134814211AA4EA7D00B7C361 /* Products */,
			);
			sourceTree = "<group>";
		};
/* End PBXGroup section */

/* Begin PBXNativeTarget section */
		58B511DA1A9E6C8500147676 /* PasteImageInput */ = {
			isa = PBXNativeTarget;
			buildConfigurationList = 58B511EF1A9E6C8500147676 /* Build configuration list for PBXNativeTarget "PasteImageInput" */;
			buildPhases = (
				58B511D71A9E6C8500147676 /* Sources */,
				58B511D81A9E6C8500147676 /* Frameworks */,
				58B511D91A9E6C8500147676 /* CopyFiles */,
			);
			buildRules = (
			);
			dependencies = (
			);
			name = PasteImageInput;
			productName = RCTDataManager;
			productReference = 134814201AA4EA6300B7C361 /* libPasteImageInput.a */;
			productType = "com.apple.product-type.library.static";
		};
/* End PBXNativeTarget section */

/* Begin PBXProject section */
		58B511D31A9E6C8500147676 /* Project object */ = {
			isa = PBXProject;
			attributes = {
				LastUpgradeCheck = 0920;
				ORGANIZATIONNAME = Facebook;
				TargetAttributes = {
					58B511DA1A9E6C8500147676 = {
						CreatedOnToolsVersion = 6.1.1;
						LastSwiftMigration = 1410;
					};
				};
			};
			buildConfigurationList = 58B511D61A9E6C8500147676 /* Build configuration list for PBXProject "PasteImageInput" */;
			compatibilityVersion = "Xcode 3.2";
			developmentRegion = English;
			hasScannedForEncodings = 0;
			knownRegions = (
				English,
				en,
			);
			mainGroup = 58B511D21A9E6C8500147676;
			productRefGroup = 58B511D21A9E6C8500147676;
			projectDirPath = "";
			projectRoot = "";
			targets = (
				58B511DA1A9E6C8500147676 /* PasteImageInput */,
			);
		};
/* End PBXProject section */

/* Begin PBXSourcesBuildPhase section */
		58B511D71A9E6C8500147676 /* Sources */ = {
			isa = PBXSourcesBuildPhase;
			buildActionMask = 2147483647;
			files = (
				B998312C2942EE6000EC73A8 /* NSData+MimeType.m in Sources */,
				B99831232942ED7000EC73A8 /* BeinTextViewCustom.m in Sources */,
				B99831342942EEF500EC73A8 /* UIPasteboard+GetImageInfo.m in Sources */,
				B998312E2942EE7D00EC73A8 /* SwimeProxy.swift in Sources */,
				B99831292942EE1300EC73A8 /* BeinTextInputView.m in Sources */,
				B99831312942EEBA00EC73A8 /* UIImage+vImageScaling.m in Sources */,
				B99831262942EDD100EC73A8 /* BeinTextInputModuleManager.m in Sources */,
			);
			runOnlyForDeploymentPostprocessing = 0;
		};
/* End PBXSourcesBuildPhase section */

/* Begin XCBuildConfiguration section */
		58B511ED1A9E6C8500147676 /* Debug */ = {
			isa = XCBuildConfiguration;
			buildSettings = {
				ALWAYS_SEARCH_USER_PATHS = NO;
				CLANG_CXX_LANGUAGE_STANDARD = "gnu++0x";
				CLANG_CXX_LIBRARY = "libc++";
				CLANG_ENABLE_MODULES = YES;
				CLANG_ENABLE_OBJC_ARC = YES;
				CLANG_WARN_BLOCK_CAPTURE_AUTORELEASING = YES;
				CLANG_WARN_BOOL_CONVERSION = YES;
				CLANG_WARN_COMMA = YES;
				CLANG_WARN_CONSTANT_CONVERSION = YES;
				CLANG_WARN_DIRECT_OBJC_ISA_USAGE = YES_ERROR;
				CLANG_WARN_EMPTY_BODY = YES;
				CLANG_WARN_ENUM_CONVERSION = YES;
				CLANG_WARN_INFINITE_RECURSION = YES;
				CLANG_WARN_INT_CONVERSION = YES;
				CLANG_WARN_NON_LITERAL_NULL_CONVERSION = YES;
				CLANG_WARN_OBJC_LITERAL_CONVERSION = YES;
				CLANG_WARN_OBJC_ROOT_CLASS = YES_ERROR;
				CLANG_WARN_RANGE_LOOP_ANALYSIS = YES;
				CLANG_WARN_STRICT_PROTOTYPES = YES;
				CLANG_WARN_SUSPICIOUS_MOVE = YES;
				CLANG_WARN_UNREACHABLE_CODE = YES;
				CLANG_WARN__DUPLICATE_METHOD_MATCH = YES;
				COPY_PHASE_STRIP = NO;
				DEFINES_MODULE = NO;
				ENABLE_STRICT_OBJC_MSGSEND = YES;
				ENABLE_TESTABILITY = YES;
				"EXCLUDED_ARCHS[sdk=*]" = arm64;
				GCC_C_LANGUAGE_STANDARD = gnu99;
				GCC_DYNAMIC_NO_PIC = NO;
				GCC_NO_COMMON_BLOCKS = YES;
				GCC_OPTIMIZATION_LEVEL = 0;
				GCC_PREPROCESSOR_DEFINITIONS = (
					"DEBUG=1",
					"$(inherited)",
				);
				GCC_SYMBOLS_PRIVATE_EXTERN = NO;
				GCC_WARN_64_TO_32_BIT_CONVERSION = YES;
				GCC_WARN_ABOUT_RETURN_TYPE = YES_ERROR;
				GCC_WARN_UNDECLARED_SELECTOR = YES;
				GCC_WARN_UNINITIALIZED_AUTOS = YES_AGGRESSIVE;
				GCC_WARN_UNUSED_FUNCTION = YES;
				GCC_WARN_UNUSED_VARIABLE = YES;
				IPHONEOS_DEPLOYMENT_TARGET = 8.0;
				MTL_ENABLE_DEBUG_INFO = YES;
				ONLY_ACTIVE_ARCH = YES;
				PRODUCT_NAME = "";
				SDKROOT = iphoneos;
			};
			name = Debug;
		};
		58B511EE1A9E6C8500147676 /* Release */ = {
			isa = XCBuildConfiguration;
			buildSettings = {
				ALWAYS_SEARCH_USER_PATHS = NO;
				CLANG_CXX_LANGUAGE_STANDARD = "gnu++0x";
				CLANG_CXX_LIBRARY = "libc++";
				CLANG_ENABLE_MODULES = YES;
				CLANG_ENABLE_OBJC_ARC = YES;
				CLANG_WARN_BLOCK_CAPTURE_AUTORELEASING = YES;
				CLANG_WARN_BOOL_CONVERSION = YES;
				CLANG_WARN_COMMA = YES;
				CLANG_WARN_CONSTANT_CONVERSION = YES;
				CLANG_WARN_DIRECT_OBJC_ISA_USAGE = YES_ERROR;
				CLANG_WARN_EMPTY_BODY = YES;
				CLANG_WARN_ENUM_CONVERSION = YES;
				CLANG_WARN_INFINITE_RECURSION = YES;
				CLANG_WARN_INT_CONVERSION = YES;
				CLANG_WARN_NON_LITERAL_NULL_CONVERSION = YES;
				CLANG_WARN_OBJC_LITERAL_CONVERSION = YES;
				CLANG_WARN_OBJC_ROOT_CLASS = YES_ERROR;
				CLANG_WARN_RANGE_LOOP_ANALYSIS = YES;
				CLANG_WARN_STRICT_PROTOTYPES = YES;
				CLANG_WARN_SUSPICIOUS_MOVE = YES;
				CLANG_WARN_UNREACHABLE_CODE = YES;
				CLANG_WARN__DUPLICATE_METHOD_MATCH = YES;
				COPY_PHASE_STRIP = YES;
				DEFINES_MODULE = NO;
				ENABLE_NS_ASSERTIONS = NO;
				ENABLE_STRICT_OBJC_MSGSEND = YES;
				"EXCLUDED_ARCHS[sdk=*]" = arm64;
				GCC_C_LANGUAGE_STANDARD = gnu99;
				GCC_NO_COMMON_BLOCKS = YES;
				GCC_WARN_64_TO_32_BIT_CONVERSION = YES;
				GCC_WARN_ABOUT_RETURN_TYPE = YES_ERROR;
				GCC_WARN_UNDECLARED_SELECTOR = YES;
				GCC_WARN_UNINITIALIZED_AUTOS = YES_AGGRESSIVE;
				GCC_WARN_UNUSED_FUNCTION = YES;
				GCC_WARN_UNUSED_VARIABLE = YES;
				IPHONEOS_DEPLOYMENT_TARGET = 8.0;
				MTL_ENABLE_DEBUG_INFO = NO;
				PRODUCT_NAME = "";
				SDKROOT = iphoneos;
				VALIDATE_PRODUCT = YES;
			};
			name = Release;
		};
		58B511F01A9E6C8500147676 /* Debug */ = {
			isa = XCBuildConfiguration;
			buildSettings = {
				CLANG_ENABLE_MODULES = YES;
				DEFINES_MODULE = NO;
				HEADER_SEARCH_PATHS = (
					"$(inherited)",
					/Applications/Xcode.app/Contents/Developer/Toolchains/XcodeDefault.xctoolchain/usr/include,
					"$(SRCROOT)/../../../React/**",
					"$(SRCROOT)/../../react-native/React/**",
				);
				LD_RUNPATH_SEARCH_PATHS = "$(inherited) @executable_path/Frameworks @loader_path/Frameworks";
				LIBRARY_SEARCH_PATHS = "$(inherited)";
				OTHER_LDFLAGS = "-ObjC";
				PRODUCT_NAME = PasteImageInput;
				SKIP_INSTALL = YES;
				SWIFT_OBJC_BRIDGING_HEADER = "";
				SWIFT_OPTIMIZATION_LEVEL = "-Onone";
				SWIFT_VERSION = 5.0;
			};
			name = Debug;
		};
		58B511F11A9E6C8500147676 /* Release */ = {
			isa = XCBuildConfiguration;
			buildSettings = {
				CLANG_ENABLE_MODULES = YES;
				DEFINES_MODULE = NO;
				HEADER_SEARCH_PATHS = (
					"$(inherited)",
					/Applications/Xcode.app/Contents/Developer/Toolchains/XcodeDefault.xctoolchain/usr/include,
					"$(SRCROOT)/../../../React/**",
					"$(SRCROOT)/../../react-native/React/**",
				);
				LD_RUNPATH_SEARCH_PATHS = "$(inherited) @executable_path/Frameworks @loader_path/Frameworks";
				LIBRARY_SEARCH_PATHS = "$(inherited)";
				OTHER_LDFLAGS = "-ObjC";
				PRODUCT_NAME = PasteImageInput;
				SKIP_INSTALL = YES;
				SWIFT_OBJC_BRIDGING_HEADER = "";
				SWIFT_VERSION = 5.0;
			};
			name = Release;
		};
/* End XCBuildConfiguration section */

/* Begin XCConfigurationList section */
		58B511D61A9E6C8500147676 /* Build configuration list for PBXProject "PasteImageInput" */ = {
			isa = XCConfigurationList;
			buildConfigurations = (
				58B511ED1A9E6C8500147676 /* Debug */,
				58B511EE1A9E6C8500147676 /* Release */,
			);
			defaultConfigurationIsVisible = 0;
			defaultConfigurationName = Release;
		};
		58B511EF1A9E6C8500147676 /* Build configuration list for PBXNativeTarget "PasteImageInput" */ = {
			isa = XCConfigurationList;
			buildConfigurations = (
				58B511F01A9E6C8500147676 /* Debug */,
				58B511F11A9E6C8500147676 /* Release */,
			);
			defaultConfigurationIsVisible = 0;
			defaultConfigurationName = Release;
		};
/* End XCConfigurationList section */
	};
	rootObject = 58B511D31A9E6C8500147676 /* Project object */;
}
